
Microsoft Visual Studio Solution File, Format Version 12.00
# Visual Studio Version 16
VisualStudioVersion = 16.0.29519.87
MinimumVisualStudioVersion = 10.0.40219.1
Project("{FAE04EC0-301F-11D3-BF4B-00C04F79EFBC}") = "Tcgv.ConsensusKit", "Tcgv.ConsensusKit\Tcgv.ConsensusKit.csproj", "{D8339A9B-E229-4840-AFEC-1FB34DBDD8CD}"
EndProject
Project("{FAE04EC0-301F-11D3-BF4B-00C04F79EFBC}") = "Tcgv.ConsensusKitTests", "Tcgv.ConsensusKitTests\Tcgv.ConsensusKitTests.csproj", "{18EC640C-4ED0-434B-B941-8048B81A2026}"
EndProject
Global
	GlobalSection(SolutionConfigurationPlatforms) = preSolution
		Debug|Any CPU = Debug|Any CPU
		Release|Any CPU = Release|Any CPU
	EndGlobalSection
	GlobalSection(ProjectConfigurationPlatforms) = postSolution
		{D8339A9B-E229-4840-AFEC-1FB34DBDD8CD}.Debug|Any CPU.ActiveCfg = Debug|Any CPU
		{D8339A9B-E229-4840-AFEC-1FB34DBDD8CD}.Debug|Any CPU.Build.0 = Debug|Any CPU
		{D8339A9B-E229-4840-AFEC-1FB34DBDD8CD}.Release|Any CPU.ActiveCfg = Release|Any CPU
		{D8339A9B-E229-4840-AFEC-1FB34DBDD8CD}.Release|Any CPU.Build.0 = Release|Any CPU
		{18EC640C-4ED0-434B-B941-8048B81A2026}.Debug|Any CPU.ActiveCfg = Debug|Any CPU
		{18EC640C-4ED0-434B-B941-8048B81A2026}.Debug|Any CPU.Build.0 = Debug|Any CPU
		{18EC640C-4ED0-434B-B941-8048B81A2026}.Release|Any CPU.ActiveCfg = Release|Any CPU
		{18EC640C-4ED0-434B-B941-8048B81A2026}.Release|Any CPU.Build.0 = Release|Any CPU
	EndGlobalSection
	GlobalSection(SolutionProperties) = preSolution
		HideSolutionNode = FALSE
	EndGlobalSection
	GlobalSection(ExtensibilityGlobals) = postSolution
		SolutionGuid = {EAB1B09E-9E2E-4538-AFAB-874245999A74}
	EndGlobalSection
EndGlobal
